
Microsoft Visual Studio Solution File, Format Version 12.00
# Visual Studio Version 16
VisualStudioVersion = 16.0.30320.27
MinimumVisualStudioVersion = 10.0.40219.1
Project("{FAE04EC0-301F-11D3-BF4B-00C04F79EFBC}") = "SmartAttestation.Android", "SmartAttestation.Android\SmartAttestation.Android.csproj", "{AA3210DA-BF37-4E16-877B-BAAE5B4722B6}"
EndProject
Project("{FAE04EC0-301F-11D3-BF4B-00C04F79EFBC}") = "SmartAttestation.iOS", "SmartAttestation.iOS\SmartAttestation.iOS.csproj", "{EB8CE78F-E157-43ED-BE0A-4C9A6354E156}"
EndProject
Project("{FAE04EC0-301F-11D3-BF4B-00C04F79EFBC}") = "SmartAttestation", "SmartAttestation\SmartAttestation.csproj", "{1831D6A1-C63E-489F-83A3-CEFFB261D43C}"
EndProject
Global
	GlobalSection(SolutionConfigurationPlatforms) = preSolution
		Debug|Any CPU = Debug|Any CPU
		Debug|iPhone = Debug|iPhone
		Debug|iPhoneSimulator = Debug|iPhoneSimulator
		Release|Any CPU = Release|Any CPU
		Release|iPhone = Release|iPhone
		Release|iPhoneSimulator = Release|iPhoneSimulator
	EndGlobalSection
	GlobalSection(ProjectConfigurationPlatforms) = postSolution
		{AA3210DA-BF37-4E16-877B-BAAE5B4722B6}.Debug|Any CPU.ActiveCfg = Debug|Any CPU
		{AA3210DA-BF37-4E16-877B-BAAE5B4722B6}.Debug|Any CPU.Build.0 = Debug|Any CPU
		{AA3210DA-BF37-4E16-877B-BAAE5B4722B6}.Debug|Any CPU.Deploy.0 = Debug|Any CPU
		{AA3210DA-BF37-4E16-877B-BAAE5B4722B6}.Debug|iPhone.ActiveCfg = Debug|Any CPU
		{AA3210DA-BF37-4E16-877B-BAAE5B4722B6}.Debug|iPhone.Build.0 = Debug|Any CPU
		{AA3210DA-BF37-4E16-877B-BAAE5B4722B6}.Debug|iPhone.Deploy.0 = Debug|Any CPU
		{AA3210DA-BF37-4E16-877B-BAAE5B4722B6}.Debug|iPhoneSimulator.ActiveCfg = Debug|Any CPU
		{AA3210DA-BF37-4E16-877B-BAAE5B4722B6}.Debug|iPhoneSimulator.Build.0 = Debug|Any CPU
		{AA3210DA-BF37-4E16-877B-BAAE5B4722B6}.Debug|iPhoneSimulator.Deploy.0 = Debug|Any CPU
		{AA3210DA-BF37-4E16-877B-BAAE5B4722B6}.Release|Any CPU.ActiveCfg = Release|Any CPU
		{AA3210DA-BF37-4E16-877B-BAAE5B4722B6}.Release|Any CPU.Build.0 = Release|Any CPU
		{AA3210DA-BF37-4E16-877B-BAAE5B4722B6}.Release|Any CPU.Deploy.0 = Release|Any CPU
		{AA3210DA-BF37-4E16-877B-BAAE5B4722B6}.Release|iPhone.ActiveCfg = Release|Any CPU
		{AA3210DA-BF37-4E16-877B-BAAE5B4722B6}.Release|iPhone.Build.0 = Release|Any CPU
		{AA3210DA-BF37-4E16-877B-BAAE5B4722B6}.Release|iPhone.Deploy.0 = Release|Any CPU
		{AA3210DA-BF37-4E16-877B-BAAE5B4722B6}.Release|iPhoneSimulator.ActiveCfg = Release|Any CPU
		{AA3210DA-BF37-4E16-877B-BAAE5B4722B6}.Release|iPhoneSimulator.Build.0 = Release|Any CPU
		{AA3210DA-BF37-4E16-877B-BAAE5B4722B6}.Release|iPhoneSimulator.Deploy.0 = Release|Any CPU
		{EB8CE78F-E157-43ED-BE0A-4C9A6354E156}.Debug|Any CPU.ActiveCfg = Debug|iPhone
		{EB8CE78F-E157-43ED-BE0A-4C9A6354E156}.Debug|Any CPU.Build.0 = Debug|iPhone
		{EB8CE78F-E157-43ED-BE0A-4C9A6354E156}.Debug|Any CPU.Deploy.0 = Debug|iPhone
		{EB8CE78F-E157-43ED-BE0A-4C9A6354E156}.Debug|iPhone.ActiveCfg = Debug|iPhone
		{EB8CE78F-E157-43ED-BE0A-4C9A6354E156}.Debug|iPhone.Build.0 = Debug|iPhone
		{EB8CE78F-E157-43ED-BE0A-4C9A6354E156}.Debug|iPhone.Deploy.0 = Debug|iPhone
		{EB8CE78F-E157-43ED-BE0A-4C9A6354E156}.Debug|iPhoneSimulator.ActiveCfg = Debug|iPhoneSimulator
		{EB8CE78F-E157-43ED-BE0A-4C9A6354E156}.Debug|iPhoneSimulator.Build.0 = Debug|iPhoneSimulator
		{EB8CE78F-E157-43ED-BE0A-4C9A6354E156}.Debug|iPhoneSimulator.Deploy.0 = Debug|iPhoneSimulator
		{EB8CE78F-E157-43ED-BE0A-4C9A6354E156}.Release|Any CPU.ActiveCfg = Release|iPhone
		{EB8CE78F-E157-43ED-BE0A-4C9A6354E156}.Release|Any CPU.Build.0 = Release|iPhone
		{EB8CE78F-E157-43ED-BE0A-4C9A6354E156}.Release|Any CPU.Deploy.0 = Release|iPhone
		{EB8CE78F-E157-43ED-BE0A-4C9A6354E156}.Release|iPhone.ActiveCfg = Release|iPhone
		{EB8CE78F-E157-43ED-BE0A-4C9A6354E156}.Release|iPhone.Build.0 = Release|iPhone
		{EB8CE78F-E157-43ED-BE0A-4C9A6354E156}.Release|iPhone.Deploy.0 = Release|iPhone
		{EB8CE78F-E157-43ED-BE0A-4C9A6354E156}.Release|iPhoneSimulator.ActiveCfg = Release|iPhoneSimulator
		{EB8CE78F-E157-43ED-BE0A-4C9A6354E156}.Release|iPhoneSimulator.Build.0 = Release|iPhoneSimulator
		{EB8CE78F-E157-43ED-BE0A-4C9A6354E156}.Release|iPhoneSimulator.Deploy.0 = Release|iPhoneSimulator
		{1831D6A1-C63E-489F-83A3-CEFFB261D43C}.Debug|Any CPU.ActiveCfg = Debug|Any CPU
		{1831D6A1-C63E-489F-83A3-CEFFB261D43C}.Debug|Any CPU.Build.0 = Debug|Any CPU
		{1831D6A1-C63E-489F-83A3-CEFFB261D43C}.Debug|Any CPU.Deploy.0 = Debug|Any CPU
		{1831D6A1-C63E-489F-83A3-CEFFB261D43C}.Debug|iPhone.ActiveCfg = Debug|Any CPU
		{1831D6A1-C63E-489F-83A3-CEFFB261D43C}.Debug|iPhone.Build.0 = Debug|Any CPU
		{1831D6A1-C63E-489F-83A3-CEFFB261D43C}.Debug|iPhone.Deploy.0 = Debug|Any CPU
		{1831D6A1-C63E-489F-83A3-CEFFB261D43C}.Debug|iPhoneSimulator.ActiveCfg = Debug|Any CPU
		{1831D6A1-C63E-489F-83A3-CEFFB261D43C}.Debug|iPhoneSimulator.Build.0 = Debug|Any CPU
		{1831D6A1-C63E-489F-83A3-CEFFB261D43C}.Debug|iPhoneSimulator.Deploy.0 = Debug|Any CPU
		{1831D6A1-C63E-489F-83A3-CEFFB261D43C}.Release|Any CPU.ActiveCfg = Release|Any CPU
		{1831D6A1-C63E-489F-83A3-CEFFB261D43C}.Release|Any CPU.Build.0 = Release|Any CPU
		{1831D6A1-C63E-489F-83A3-CEFFB261D43C}.Release|Any CPU.Deploy.0 = Release|Any CPU
		{1831D6A1-C63E-489F-83A3-CEFFB261D43C}.Release|iPhone.ActiveCfg = Release|Any CPU
		{1831D6A1-C63E-489F-83A3-CEFFB261D43C}.Release|iPhone.Build.0 = Release|Any CPU
		{1831D6A1-C63E-489F-83A3-CEFFB261D43C}.Release|iPhone.Deploy.0 = Release|Any CPU
		{1831D6A1-C63E-489F-83A3-CEFFB261D43C}.Release|iPhoneSimulator.ActiveCfg = Release|Any CPU
		{1831D6A1-C63E-489F-83A3-CEFFB261D43C}.Release|iPhoneSimulator.Build.0 = Release|Any CPU
		{1831D6A1-C63E-489F-83A3-CEFFB261D43C}.Release|iPhoneSimulator.Deploy.0 = Release|Any CPU
	EndGlobalSection
	GlobalSection(SolutionProperties) = preSolution
		HideSolutionNode = FALSE
	EndGlobalSection
	GlobalSection(ExtensibilityGlobals) = postSolution
		SolutionGuid = {DE3597CF-7984-47DB-AE69-D9590C32E4B1}
	EndGlobalSection
EndGlobal
